// !$*UTF8*$!
{
	archiveVersion = 1;
	classes = {
	};
	objectVersion = 46;
	objects = {

/* Begin PBXBuildFile section */
		CD6E4A7A1CB7115F00FFA988 /* MemeTableViewCell.swift in Sources */ = {isa = PBXBuildFile; fileRef = CD6E4A791CB7115F00FFA988 /* MemeTableViewCell.swift */; };
		CD6E4A7C1CB721DA00FFA988 /* MemeTableViewController.swift in Sources */ = {isa = PBXBuildFile; fileRef = CD6E4A7B1CB721DA00FFA988 /* MemeTableViewController.swift */; };
		CD6E4A801CB761D600FFA988 /* MemeDetailViewController.swift in Sources */ = {isa = PBXBuildFile; fileRef = CD6E4A7F1CB761D600FFA988 /* MemeDetailViewController.swift */; };
		CD6E4A821CB76AA100FFA988 /* MemeCollectionViewController.swift in Sources */ = {isa = PBXBuildFile; fileRef = CD6E4A811CB76AA100FFA988 /* MemeCollectionViewController.swift */; };
		CD6E4A841CB76BFF00FFA988 /* MemeCollectionViewCell.swift in Sources */ = {isa = PBXBuildFile; fileRef = CD6E4A831CB76BFF00FFA988 /* MemeCollectionViewCell.swift */; };
		CD6E4A871CB7829500FFA988 /* Constants.swift in Sources */ = {isa = PBXBuildFile; fileRef = CD6E4A861CB7829500FFA988 /* Constants.swift */; };
		CDC597011CAC6A8500238022 /* AppDelegate.swift in Sources */ = {isa = PBXBuildFile; fileRef = CDC597001CAC6A8500238022 /* AppDelegate.swift */; };
		CDC597031CAC6A8500238022 /* MemeEditorViewController.swift in Sources */ = {isa = PBXBuildFile; fileRef = CDC597021CAC6A8500238022 /* MemeEditorViewController.swift */; };
		CDC597061CAC6A8500238022 /* Main.storyboard in Resources */ = {isa = PBXBuildFile; fileRef = CDC597041CAC6A8500238022 /* Main.storyboard */; };
		CDC597081CAC6A8500238022 /* Assets.xcassets in Resources */ = {isa = PBXBuildFile; fileRef = CDC597071CAC6A8500238022 /* Assets.xcassets */; };
		CDC5970B1CAC6A8500238022 /* LaunchScreen.storyboard in Resources */ = {isa = PBXBuildFile; fileRef = CDC597091CAC6A8500238022 /* LaunchScreen.storyboard */; };
		CDC597131CACB58200238022 /* Meme.swift in Sources */ = {isa = PBXBuildFile; fileRef = CDC597121CACB58200238022 /* Meme.swift */; };
		CDC597171CAE42ED00238022 /* memeTextFieldDelegate.swift in Sources */ = {isa = PBXBuildFile; fileRef = CDC597161CAE42ED00238022 /* memeTextFieldDelegate.swift */; };
/* End PBXBuildFile section */

/* Begin PBXFileReference section */
		CD6E4A791CB7115F00FFA988 /* MemeTableViewCell.swift */ = {isa = PBXFileReference; fileEncoding = 4; lastKnownFileType = sourcecode.swift; path = MemeTableViewCell.swift; sourceTree = "<group>"; };
		CD6E4A7B1CB721DA00FFA988 /* MemeTableViewController.swift */ = {isa = PBXFileReference; fileEncoding = 4; lastKnownFileType = sourcecode.swift; path = MemeTableViewController.swift; sourceTree = "<group>"; };
		CD6E4A7F1CB761D600FFA988 /* MemeDetailViewController.swift */ = {isa = PBXFileReference; fileEncoding = 4; lastKnownFileType = sourcecode.swift; path = MemeDetailViewController.swift; sourceTree = "<group>"; };
		CD6E4A811CB76AA100FFA988 /* MemeCollectionViewController.swift */ = {isa = PBXFileReference; fileEncoding = 4; lastKnownFileType = sourcecode.swift; path = MemeCollectionViewController.swift; sourceTree = "<group>"; };
		CD6E4A831CB76BFF00FFA988 /* MemeCollectionViewCell.swift */ = {isa = PBXFileReference; fileEncoding = 4; lastKnownFileType = sourcecode.swift; path = MemeCollectionViewCell.swift; sourceTree = "<group>"; };
		CD6E4A861CB7829500FFA988 /* Constants.swift */ = {isa = PBXFileReference; fileEncoding = 4; lastKnownFileType = sourcecode.swift; path = Constants.swift; sourceTree = "<group>"; };
		CDC596FD1CAC6A8500238022 /* MemeMe.app */ = {isa = PBXFileReference; explicitFileType = wrapper.application; includeInIndex = 0; path = MemeMe.app; sourceTree = BUILT_PRODUCTS_DIR; };
		CDC597001CAC6A8500238022 /* AppDelegate.swift */ = {isa = PBXFileReference; lastKnownFileType = sourcecode.swift; path = AppDelegate.swift; sourceTree = "<group>"; };
		CDC597021CAC6A8500238022 /* MemeEditorViewController.swift */ = {isa = PBXFileReference; lastKnownFileType = sourcecode.swift; path = MemeEditorViewController.swift; sourceTree = "<group>"; };
		CDC597051CAC6A8500238022 /* Base */ = {isa = PBXFileReference; lastKnownFileType = file.storyboard; name = Base; path = Base.lproj/Main.storyboard; sourceTree = "<group>"; };
		CDC597071CAC6A8500238022 /* Assets.xcassets */ = {isa = PBXFileReference; lastKnownFileType = folder.assetcatalog; path = Assets.xcassets; sourceTree = "<group>"; };
		CDC5970A1CAC6A8500238022 /* Base */ = {isa = PBXFileReference; lastKnownFileType = file.storyboard; name = Base; path = Base.lproj/LaunchScreen.storyboard; sourceTree = "<group>"; };
		CDC5970C1CAC6A8500238022 /* Info.plist */ = {isa = PBXFileReference; lastKnownFileType = text.plist.xml; path = Info.plist; sourceTree = "<group>"; };
		CDC597121CACB58200238022 /* Meme.swift */ = {isa = PBXFileReference; fileEncoding = 4; lastKnownFileType = sourcecode.swift; path = Meme.swift; sourceTree = "<group>"; };
		CDC597161CAE42ED00238022 /* memeTextFieldDelegate.swift */ = {isa = PBXFileReference; fileEncoding = 4; lastKnownFileType = sourcecode.swift; path = memeTextFieldDelegate.swift; sourceTree = "<group>"; };
/* End PBXFileReference section */

/* Begin PBXFrameworksBuildPhase section */
		CDC596FA1CAC6A8500238022 /* Frameworks */ = {
			isa = PBXFrameworksBuildPhase;
			buildActionMask = 2147483647;
			files = (
			);
			runOnlyForDeploymentPostprocessing = 0;
		};
/* End PBXFrameworksBuildPhase section */

/* Begin PBXGroup section */
		CD6E4A781CB710D600FFA988 /* View */ = {
			isa = PBXGroup;
			children = (
				CD6E4A791CB7115F00FFA988 /* MemeTableViewCell.swift */,
				CD6E4A831CB76BFF00FFA988 /* MemeCollectionViewCell.swift */,
			);
			name = View;
			sourceTree = "<group>";
		};
		CD6E4A851CB7827A00FFA988 /* Util */ = {
			isa = PBXGroup;
			children = (
				CD6E4A861CB7829500FFA988 /* Constants.swift */,
			);
			name = Util;
			sourceTree = "<group>";
		};
		CDC596F41CAC6A8500238022 = {
			isa = PBXGroup;
			children = (
				CDC596FF1CAC6A8500238022 /* MemeMe */,
				CDC596FE1CAC6A8500238022 /* Products */,
			);
			sourceTree = "<group>";
		};
		CDC596FE1CAC6A8500238022 /* Products */ = {
			isa = PBXGroup;
			children = (
				CDC596FD1CAC6A8500238022 /* MemeMe.app */,
			);
			name = Products;
			sourceTree = "<group>";
		};
		CDC596FF1CAC6A8500238022 /* MemeMe */ = {
			isa = PBXGroup;
			children = (
				CD6E4A851CB7827A00FFA988 /* Util */,
				CD6E4A781CB710D600FFA988 /* View */,
				CDC597181CB079FA00238022 /* Model */,
				CDC597151CAE426000238022 /* Delegate */,
				CDC597141CAE422700238022 /* Controller */,
				CDC597001CAC6A8500238022 /* AppDelegate.swift */,
				CDC597041CAC6A8500238022 /* Main.storyboard */,
				CDC597071CAC6A8500238022 /* Assets.xcassets */,
				CDC597091CAC6A8500238022 /* LaunchScreen.storyboard */,
				CDC5970C1CAC6A8500238022 /* Info.plist */,
			);
			path = MemeMe;
			sourceTree = "<group>";
		};
		CDC597141CAE422700238022 /* Controller */ = {
			isa = PBXGroup;
			children = (
				CDC597021CAC6A8500238022 /* MemeEditorViewController.swift */,
				CD6E4A7F1CB761D600FFA988 /* MemeDetailViewController.swift */,
				CD6E4A811CB76AA100FFA988 /* MemeCollectionViewController.swift */,
				CD6E4A7B1CB721DA00FFA988 /* MemeTableViewController.swift */,
			);
			name = Controller;
			sourceTree = "<group>";
		};
		CDC597151CAE426000238022 /* Delegate */ = {
			isa = PBXGroup;
			children = (
				CDC597161CAE42ED00238022 /* memeTextFieldDelegate.swift */,
			);
			name = Delegate;
			sourceTree = "<group>";
		};
		CDC597181CB079FA00238022 /* Model */ = {
			isa = PBXGroup;
			children = (
				CDC597121CACB58200238022 /* Meme.swift */,
			);
			name = Model;
			sourceTree = "<group>";
		};
/* End PBXGroup section */

/* Begin PBXNativeTarget section */
		CDC596FC1CAC6A8500238022 /* MemeMe */ = {
			isa = PBXNativeTarget;
			buildConfigurationList = CDC5970F1CAC6A8500238022 /* Build configuration list for PBXNativeTarget "MemeMe" */;
			buildPhases = (
				CDC596F91CAC6A8500238022 /* Sources */,
				CDC596FA1CAC6A8500238022 /* Frameworks */,
				CDC596FB1CAC6A8500238022 /* Resources */,
			);
			buildRules = (
			);
			dependencies = (
			);
			name = MemeMe;
			productName = MemeMe;
			productReference = CDC596FD1CAC6A8500238022 /* MemeMe.app */;
			productType = "com.apple.product-type.application";
		};
/* End PBXNativeTarget section */

/* Begin PBXProject section */
		CDC596F51CAC6A8500238022 /* Project object */ = {
			isa = PBXProject;
			attributes = {
				LastSwiftUpdateCheck = 0730;
				LastUpgradeCheck = 0730;
				ORGANIZATIONNAME = appsathome;
				TargetAttributes = {
					CDC596FC1CAC6A8500238022 = {
						CreatedOnToolsVersion = 7.3;
					};
				};
			};
			buildConfigurationList = CDC596F81CAC6A8500238022 /* Build configuration list for PBXProject "MemeMe" */;
			compatibilityVersion = "Xcode 3.2";
			developmentRegion = English;
			hasScannedForEncodings = 0;
			knownRegions = (
				en,
				Base,
			);
			mainGroup = CDC596F41CAC6A8500238022;
			productRefGroup = CDC596FE1CAC6A8500238022 /* Products */;
			projectDirPath = "";
			projectRoot = "";
			targets = (
				CDC596FC1CAC6A8500238022 /* MemeMe */,
			);
		};
/* End PBXProject section */

/* Begin PBXResourcesBuildPhase section */
		CDC596FB1CAC6A8500238022 /* Resources */ = {
			isa = PBXResourcesBuildPhase;
			buildActionMask = 2147483647;
			files = (
				CDC5970B1CAC6A8500238022 /* LaunchScreen.storyboard in Resources */,
				CDC597081CAC6A8500238022 /* Assets.xcassets in Resources */,
				CDC597061CAC6A8500238022 /* Main.storyboard in Resources */,
			);
			runOnlyForDeploymentPostprocessing = 0;
		};
/* End PBXResourcesBuildPhase section */

/* Begin PBXSourcesBuildPhase section */
		CDC596F91CAC6A8500238022 /* Sources */ = {
			isa = PBXSourcesBuildPhase;
			buildActionMask = 2147483647;
			files = (
				CD6E4A7A1CB7115F00FFA988 /* MemeTableViewCell.swift in Sources */,
				CDC597131CACB58200238022 /* Meme.swift in Sources */,
				CDC597031CAC6A8500238022 /* MemeEditorViewController.swift in Sources */,
				CD6E4A841CB76BFF00FFA988 /* MemeCollectionViewCell.swift in Sources */,
				CD6E4A801CB761D600FFA988 /* MemeDetailViewController.swift in Sources */,
				CD6E4A871CB7829500FFA988 /* Constants.swift in Sources */,
				CD6E4A821CB76AA100FFA988 /* MemeCollectionViewController.swift in Sources */,
				CD6E4A7C1CB721DA00FFA988 /* MemeTableViewController.swift in Sources */,
				CDC597171CAE42ED00238022 /* memeTextFieldDelegate.swift in Sources */,
				CDC597011CAC6A8500238022 /* AppDelegate.swift in Sources */,
			);
			runOnlyForDeploymentPostprocessing = 0;
		};
/* End PBXSourcesBuildPhase section */

/* Begin PBXVariantGroup section */
		CDC597041CAC6A8500238022 /* Main.storyboard */ = {
			isa = PBXVariantGroup;
			children = (
				CDC597051CAC6A8500238022 /* Base */,
			);
			name = Main.storyboard;
			sourceTree = "<group>";
		};
		CDC597091CAC6A8500238022 /* LaunchScreen.storyboard */ = {
			isa = PBXVariantGroup;
			children = (
				CDC5970A1CAC6A8500238022 /* Base */,
			);
			name = LaunchScreen.storyboard;
			sourceTree = "<group>";
		};
/* End PBXVariantGroup section */

/* Begin XCBuildConfiguration section */
		CDC5970D1CAC6A8500238022 /* Debug */ = {
			isa = XCBuildConfiguration;
			buildSettings = {
				ALWAYS_SEARCH_USER_PATHS = NO;
				CLANG_ANALYZER_NONNULL = YES;
				CLANG_CXX_LANGUAGE_STANDARD = "gnu++0x";
				CLANG_CXX_LIBRARY = "libc++";
				CLANG_ENABLE_MODULES = YES;
				CLANG_ENABLE_OBJC_ARC = YES;
				CLANG_WARN_BOOL_CONVERSION = YES;
				CLANG_WARN_CONSTANT_CONVERSION = YES;
				CLANG_WARN_DIRECT_OBJC_ISA_USAGE = YES_ERROR;
				CLANG_WARN_EMPTY_BODY = YES;
				CLANG_WARN_ENUM_CONVERSION = YES;
				CLANG_WARN_INT_CONVERSION = YES;
				CLANG_WARN_OBJC_ROOT_CLASS = YES_ERROR;
				CLANG_WARN_UNREACHABLE_CODE = YES;
				CLANG_WARN__DUPLICATE_METHOD_MATCH = YES;
				"CODE_SIGN_IDENTITY[sdk=iphoneos*]" = "iPhone Developer";
				COPY_PHASE_STRIP = NO;
				DEBUG_INFORMATION_FORMAT = dwarf;
				ENABLE_STRICT_OBJC_MSGSEND = YES;
				ENABLE_TESTABILITY = YES;
				GCC_C_LANGUAGE_STANDARD = gnu99;
				GCC_DYNAMIC_NO_PIC = NO;
				GCC_NO_COMMON_BLOCKS = YES;
				GCC_OPTIMIZATION_LEVEL = 0;
				GCC_PREPROCESSOR_DEFINITIONS = (
					"DEBUG=1",
					"$(inherited)",
				);
				GCC_WARN_64_TO_32_BIT_CONVERSION = YES;
				GCC_WARN_ABOUT_RETURN_TYPE = YES_ERROR;
				GCC_WARN_UNDECLARED_SELECTOR = YES;
				GCC_WARN_UNINITIALIZED_AUTOS = YES_AGGRESSIVE;
				GCC_WARN_UNUSED_FUNCTION = YES;
				GCC_WARN_UNUSED_VARIABLE = YES;
				IPHONEOS_DEPLOYMENT_TARGET = 9.3;
				MTL_ENABLE_DEBUG_INFO = YES;
				ONLY_ACTIVE_ARCH = YES;
				SDKROOT = iphoneos;
				SWIFT_OPTIMIZATION_LEVEL = "-Onone";
				TARGETED_DEVICE_FAMILY = "1,2";
			};
			name = Debug;
		};
		CDC5970E1CAC6A8500238022 /* Release */ = {
			isa = XCBuildConfiguration;
			buildSettings = {
				ALWAYS_SEARCH_USER_PATHS = NO;
				CLANG_ANALYZER_NONNULL = YES;
				CLANG_CXX_LANGUAGE_STANDARD = "gnu++0x";
				CLANG_CXX_LIBRARY = "libc++";
				CLANG_ENABLE_MODULES = YES;
				CLANG_ENABLE_OBJC_ARC = YES;
				CLANG_WARN_BOOL_CONVERSION = YES;
				CLANG_WARN_CONSTANT_CONVERSION = YES;
				CLANG_WARN_DIRECT_OBJC_ISA_USAGE = YES_ERROR;
				CLANG_WARN_EMPTY_BODY = YES;
				CLANG_WARN_ENUM_CONVERSION = YES;
				CLANG_WARN_INT_CONVERSION = YES;
				CLANG_WARN_OBJC_ROOT_CLASS = YES_ERROR;
				CLANG_WARN_UNREACHABLE_CODE = YES;
				CLANG_WARN__DUPLICATE_METHOD_MATCH = YES;
				"CODE_SIGN_IDENTITY[sdk=iphoneos*]" = "iPhone Developer";
				COPY_PHASE_STRIP = NO;
				DEBUG_INFORMATION_FORMAT = "dwarf-with-dsym";
				ENABLE_NS_ASSERTIONS = NO;
				ENABLE_STRICT_OBJC_MSGSEND = YES;
				GCC_C_LANGUAGE_STANDARD = gnu99;
				GCC_NO_COMMON_BLOCKS = YES;
				GCC_WARN_64_TO_32_BIT_CONVERSION = YES;
				GCC_WARN_ABOUT_RETURN_TYPE = YES_ERROR;
				GCC_WARN_UNDECLARED_SELECTOR = YES;
				GCC_WARN_UNINITIALIZED_AUTOS = YES_AGGRESSIVE;
				GCC_WARN_UNUSED_FUNCTION = YES;
				GCC_WARN_UNUSED_VARIABLE = YES;
				IPHONEOS_DEPLOYMENT_TARGET = 9.3;
				MTL_ENABLE_DEBUG_INFO = NO;
				SDKROOT = iphoneos;
				TARGETED_DEVICE_FAMILY = "1,2";
				VALIDATE_PRODUCT = YES;
			};
			name = Release;
		};
		CDC597101CAC6A8500238022 /* Debug */ = {
			isa = XCBuildConfiguration;
			buildSettings = {
				ASSETCATALOG_COMPILER_APPICON_NAME = AppIcon;
				CODE_SIGN_IDENTITY = "iPhone Developer";
				"CODE_SIGN_IDENTITY[sdk=iphoneos*]" = "iPhone Developer";
				INFOPLIST_FILE = MemeMe/Info.plist;
				IPHONEOS_DEPLOYMENT_TARGET = 8.1;
				LD_RUNPATH_SEARCH_PATHS = "$(inherited) @executable_path/Frameworks";
				PRODUCT_BUNDLE_IDENTIFIER = com.appsathome.MemeMe;
				PRODUCT_NAME = "$(TARGET_NAME)";
				PROVISIONING_PROFILE = "";
			};
			name = Debug;
		};
		CDC597111CAC6A8500238022 /* Release */ = {
			isa = XCBuildConfiguration;
			buildSettings = {
				ASSETCATALOG_COMPILER_APPICON_NAME = AppIcon;
				CODE_SIGN_IDENTITY = "iPhone Developer";
				"CODE_SIGN_IDENTITY[sdk=iphoneos*]" = "iPhone Developer";
				INFOPLIST_FILE = MemeMe/Info.plist;
				IPHONEOS_DEPLOYMENT_TARGET = 8.1;
				LD_RUNPATH_SEARCH_PATHS = "$(inherited) @executable_path/Frameworks";
				PRODUCT_BUNDLE_IDENTIFIER = com.appsathome.MemeMe;
				PRODUCT_NAME = "$(TARGET_NAME)";
				PROVISIONING_PROFILE = "";
			};
			name = Release;
		};
/* End XCBuildConfiguration section */

/* Begin XCConfigurationList section */
		CDC596F81CAC6A8500238022 /* Build configuration list for PBXProject "MemeMe" */ = {
			isa = XCConfigurationList;
			buildConfigurations = (
				CDC5970D1CAC6A8500238022 /* Debug */,
				CDC5970E1CAC6A8500238022 /* Release */,
			);
			defaultConfigurationIsVisible = 0;
			defaultConfigurationName = Release;
		};
		CDC5970F1CAC6A8500238022 /* Build configuration list for PBXNativeTarget "MemeMe" */ = {
			isa = XCConfigurationList;
			buildConfigurations = (
				CDC597101CAC6A8500238022 /* Debug */,
				CDC597111CAC6A8500238022 /* Release */,
			);
			defaultConfigurationIsVisible = 0;
			defaultConfigurationName = Release;
		};
/* End XCConfigurationList section */
	};
	rootObject = CDC596F51CAC6A8500238022 /* Project object */;
}
